{
  "version": 4,
  "terraform_version": "1.8.3",
  "serial": 1048,
  "lineage": "ba865764-6024-7a82-1f36-b09ceb246c59",
  "outputs": {},
  "resources": [
    {
      "mode": "data",
      "type": "azurerm_public_ip",
      "name": "provisioning_public_ip",
      "provider": "provider[\"registry.terraform.io/hashicorp/azurerm\"]",
      "instances": [
        {
          "schema_version": 0,
          "attributes": {
            "allocation_method": "Dynamic",
            "domain_name_label": "",
            "fqdn": "",
            "id": "/subscriptions/41e50375-b926-4bc4-9045-348f359cf721/resourceGroups/boujenna_selma-rg/providers/Microsoft.Network/publicIPAddresses/provisioning-ipconfig-0",
            "idle_timeout_in_minutes": 4,
            "ip_address": "52.174.234.115",
            "ip_tags": {},
            "ip_version": "IPv4",
            "location": "westeurope",
            "name": "provisioning-ipconfig-0",
            "resource_group_name": "boujenna_selma-rg",
            "reverse_fqdn": "",
            "sku": "Basic",
            "tags": {
              "Pillar": "M Cloud",
              "Role": "Futures",
              "Usage": "Training / Certification related activities"
            },
            "timeouts": null,
            "zones": []
          },
          "sensitive_attributes": []
        }
      ]
    },
    {
      "mode": "data",
      "type": "azurerm_public_ip",
      "name": "provisioning_public_ip1",
      "provider": "provider[\"registry.terraform.io/hashicorp/azurerm\"]",
      "instances": [
        {
          "schema_version": 0,
          "attributes": {
            "allocation_method": "Dynamic",
            "domain_name_label": "",
            "fqdn": "",
            "id": "/subscriptions/41e50375-b926-4bc4-9045-348f359cf721/resourceGroups/boujenna_selma-rg/providers/Microsoft.Network/publicIPAddresses/provisioning-ipconfig-1",
            "idle_timeout_in_minutes": 4,
            "ip_address": "52.232.19.145",
            "ip_tags": {},
            "ip_version": "IPv4",
            "location": "westeurope",
            "name": "provisioning-ipconfig-1",
            "resource_group_name": "boujenna_selma-rg",
            "reverse_fqdn": "",
            "sku": "Basic",
            "tags": {
              "Pillar": "M Cloud",
              "Role": "Futures",
              "Usage": "Training / Certification related activities"
            },
            "timeouts": null,
            "zones": []
          },
          "sensitive_attributes": []
        }
      ]
    },
    {
      "mode": "data",
      "type": "azurerm_public_ip",
      "name": "provisioning_public_ip2",
      "provider": "provider[\"registry.terraform.io/hashicorp/azurerm\"]",
      "instances": [
        {
          "schema_version": 0,
          "attributes": {
            "allocation_method": "Dynamic",
            "domain_name_label": "",
            "fqdn": "",
            "id": "/subscriptions/41e50375-b926-4bc4-9045-348f359cf721/resourceGroups/boujenna_selma-rg/providers/Microsoft.Network/publicIPAddresses/provisioning-ipconfig-2",
            "idle_timeout_in_minutes": 4,
            "ip_address": "52.233.193.123",
            "ip_tags": {},
            "ip_version": "IPv4",
            "location": "westeurope",
            "name": "provisioning-ipconfig-2",
            "resource_group_name": "boujenna_selma-rg",
            "reverse_fqdn": "",
            "sku": "Basic",
            "tags": {
              "Pillar": "M Cloud",
              "Role": "Futures",
              "Usage": "Training / Certification related activities"
            },
            "timeouts": null,
            "zones": []
          },
          "sensitive_attributes": []
        }
      ]
    },
    {
      "mode": "data",
      "type": "azurerm_resource_group",
      "name": "boujenna_selma-rg",
      "provider": "provider[\"registry.terraform.io/hashicorp/azurerm\"]",
      "instances": [
        {
          "schema_version": 0,
          "attributes": {
            "id": "/subscriptions/41e50375-b926-4bc4-9045-348f359cf721/resourceGroups/boujenna_selma-rg",
            "location": "westeurope",
            "name": "boujenna_selma-rg",
            "tags": {
              "Pillar": "M Cloud",
              "Role": "Futures",
              "Tier": "Personal",
              "Usage": "Training / Certification related activities"
            },
            "timeouts": null
          },
          "sensitive_attributes": []
        }
      ]
    },
    {
      "mode": "managed",
      "type": "azurerm_linux_virtual_machine",
      "name": "linux_vm",
      "provider": "provider[\"registry.terraform.io/hashicorp/azurerm\"]",
      "instances": [
        {
          "index_key": 0,
          "schema_version": 0,
          "attributes": {
            "additional_capabilities": [],
            "admin_password": null,
            "admin_ssh_key": [
              {
                "public_key": "ssh-rsa AAAAB3NzaC1yc2EAAAADAQABAAABgQDE2CiRfil91/t9M9vkV0T+Z4gKKydJu5VeCH9evB4GVfa3f9EXemzD2tp+bFHTn1plRZhBWn9p+DoPLT1EuEHLrtWiaQWJsQvpDmLQkTwkY0TFPXr7vZQ9XiCz1JMHxqZErA5zlWM/j1qQOQwcV7/GGb6X/sJgQp4ix/vg5+V4KF5MA3U6bk2x0Xwl8wnuy/AS2fIz4LJFxsYMJf9iX9N2vVJirU213QJ0N4vLDkqU9o53Mb+c3Ru83gAGwgPn7JunbvozaPzcHDfjjD/OMVH9U6WKzleBx+CD0Bx6waIPzAM/lLGHKSUPn6AjfcvJpUXHdg8KZaV9gbMVAY8VsHsSDtXQ4zOkR4WO8OIm/FhJAp7+UALc+SWoRr6FUdB4b8rjcOsfspSBjZFDUdgw3eoeENlJFGxqSAUm1x3AL8QzfAjj5hSwZB92Cb2OuBWIEi6bTqJd1GwCo7PVBoZLb7dA/HOPixDzllKzP8n/6uCN57SodUUfc30APZcTEYdx9aU= selmaboujenna@DVTNL-5CG3320NLV\n",
                "username": "adminuser"
              }
            ],
            "admin_username": "adminuser",
            "allow_extension_operations": true,
            "availability_set_id": "",
            "boot_diagnostics": [],
            "computer_name": "provisioning-0",
            "custom_data": null,
            "dedicated_host_group_id": "",
            "dedicated_host_id": "",
            "disable_password_authentication": true,
            "edge_zone": "",
            "encryption_at_host_enabled": false,
            "eviction_policy": "",
            "extensions_time_budget": "PT1H30M",
            "id": "/subscriptions/41e50375-b926-4bc4-9045-348f359cf721/resourceGroups/boujenna_selma-rg/providers/Microsoft.Compute/virtualMachines/provisioning-0",
            "identity": [],
            "license_type": "",
            "location": "westeurope",
            "max_bid_price": -1,
            "name": "provisioning-0",
            "network_interface_ids": [
              "/subscriptions/41e50375-b926-4bc4-9045-348f359cf721/resourceGroups/boujenna_selma-rg/providers/Microsoft.Network/networkInterfaces/provisioning-nic-0"
            ],
            "os_disk": [
              {
                "caching": "ReadWrite",
                "diff_disk_settings": [],
                "disk_encryption_set_id": "",
                "disk_size_gb": 30,
                "name": "myosdisk-0",
                "storage_account_type": "Standard_LRS",
                "write_accelerator_enabled": false
              }
            ],
            "patch_mode": "ImageDefault",
            "plan": [],
            "platform_fault_domain": -1,
            "priority": "Regular",
            "private_ip_address": "10.123.0.6",
            "private_ip_addresses": [
              "10.123.0.6"
            ],
            "provision_vm_agent": true,
            "proximity_placement_group_id": "",
            "public_ip_address": "52.174.234.115",
            "public_ip_addresses": [
              "52.174.234.115"
            ],
            "resource_group_name": "boujenna_selma-rg",
            "secret": [],
            "secure_boot_enabled": false,
            "size": "Standard_F2s_v2",
            "source_image_id": "",
            "source_image_reference": [
              {
                "offer": "openSUSE-leap-15-4",
                "publisher": "SUSE",
                "sku": "gen2",
                "version": "latest"
              }
            ],
            "tags": {
              "Pillar": "M Cloud",
              "Role": "Futures",
              "Usage": "Training / Certification related activities"
            },
            "termination_notification": [],
            "timeouts": null,
            "user_data": "",
            "virtual_machine_id": "ac8c88a1-2d1e-4541-a58c-6b6a749f1535",
            "virtual_machine_scale_set_id": "",
            "vtpm_enabled": false,
            "zone": ""
          },
          "sensitive_attributes": [
            [
              {
                "type": "get_attr",
                "value": "custom_data"
              }
            ],
            [
              {
                "type": "get_attr",
                "value": "admin_password"
              }
            ]
          ],
          "private": "eyJlMmJmYjczMC1lY2FhLTExZTYtOGY4OC0zNDM2M2JjN2M0YzAiOnsiY3JlYXRlIjoyNzAwMDAwMDAwMDAwLCJkZWxldGUiOjI3MDAwMDAwMDAwMDAsInJlYWQiOjMwMDAwMDAwMDAwMCwidXBkYXRlIjoyNzAwMDAwMDAwMDAwfX0=",
          "dependencies": [
            "azurerm_network_interface.provisioning-nic",
            "azurerm_public_ip.provisioning_public_ip",
            "azurerm_subnet.provisioning-subnet",
            "azurerm_virtual_network.provisioning-vnet"
          ]
        },
        {
          "index_key": 1,
          "schema_version": 0,
          "attributes": {
            "additional_capabilities": [],
            "admin_password": null,
            "admin_ssh_key": [
              {
                "public_key": "ssh-rsa AAAAB3NzaC1yc2EAAAADAQABAAABgQDE2CiRfil91/t9M9vkV0T+Z4gKKydJu5VeCH9evB4GVfa3f9EXemzD2tp+bFHTn1plRZhBWn9p+DoPLT1EuEHLrtWiaQWJsQvpDmLQkTwkY0TFPXr7vZQ9XiCz1JMHxqZErA5zlWM/j1qQOQwcV7/GGb6X/sJgQp4ix/vg5+V4KF5MA3U6bk2x0Xwl8wnuy/AS2fIz4LJFxsYMJf9iX9N2vVJirU213QJ0N4vLDkqU9o53Mb+c3Ru83gAGwgPn7JunbvozaPzcHDfjjD/OMVH9U6WKzleBx+CD0Bx6waIPzAM/lLGHKSUPn6AjfcvJpUXHdg8KZaV9gbMVAY8VsHsSDtXQ4zOkR4WO8OIm/FhJAp7+UALc+SWoRr6FUdB4b8rjcOsfspSBjZFDUdgw3eoeENlJFGxqSAUm1x3AL8QzfAjj5hSwZB92Cb2OuBWIEi6bTqJd1GwCo7PVBoZLb7dA/HOPixDzllKzP8n/6uCN57SodUUfc30APZcTEYdx9aU= selmaboujenna@DVTNL-5CG3320NLV\n",
                "username": "adminuser"
              }
            ],
            "admin_username": "adminuser",
            "allow_extension_operations": true,
            "availability_set_id": "",
            "boot_diagnostics": [],
            "computer_name": "provisioning-1",
            "custom_data": null,
            "dedicated_host_group_id": "",
            "dedicated_host_id": "",
            "disable_password_authentication": true,
            "edge_zone": "",
            "encryption_at_host_enabled": false,
            "eviction_policy": "",
            "extensions_time_budget": "PT1H30M",
            "id": "/subscriptions/41e50375-b926-4bc4-9045-348f359cf721/resourceGroups/boujenna_selma-rg/providers/Microsoft.Compute/virtualMachines/provisioning-1",
            "identity": [],
            "license_type": "",
            "location": "westeurope",
            "max_bid_price": -1,
            "name": "provisioning-1",
            "network_interface_ids": [
              "/subscriptions/41e50375-b926-4bc4-9045-348f359cf721/resourceGroups/boujenna_selma-rg/providers/Microsoft.Network/networkInterfaces/provisioning-nic-1"
            ],
            "os_disk": [
              {
                "caching": "ReadWrite",
                "diff_disk_settings": [],
                "disk_encryption_set_id": "",
                "disk_size_gb": 30,
                "name": "myosdisk-1",
                "storage_account_type": "Standard_LRS",
                "write_accelerator_enabled": false
              }
            ],
            "patch_mode": "ImageDefault",
            "plan": [],
            "platform_fault_domain": -1,
            "priority": "Regular",
            "private_ip_address": "10.123.0.5",
            "private_ip_addresses": [
              "10.123.0.5"
            ],
            "provision_vm_agent": true,
            "proximity_placement_group_id": "",
            "public_ip_address": "52.232.19.145",
            "public_ip_addresses": [
              "52.232.19.145"
            ],
            "resource_group_name": "boujenna_selma-rg",
            "secret": [],
            "secure_boot_enabled": false,
            "size": "Standard_F2s_v2",
            "source_image_id": "",
            "source_image_reference": [
              {
                "offer": "openSUSE-leap-15-4",
                "publisher": "SUSE",
                "sku": "gen2",
                "version": "latest"
              }
            ],
            "tags": {
              "Pillar": "M Cloud",
              "Role": "Futures",
              "Usage": "Training / Certification related activities"
            },
            "termination_notification": [],
            "timeouts": null,
            "user_data": "",
            "virtual_machine_id": "bd9bd3a7-cc8b-4ca1-b549-e8bd4bf31b29",
            "virtual_machine_scale_set_id": "",
            "vtpm_enabled": false,
            "zone": ""
          },
          "sensitive_attributes": [
            [
              {
                "type": "get_attr",
                "value": "custom_data"
              }
            ],
            [
              {
                "type": "get_attr",
                "value": "admin_password"
              }
            ]
          ],
          "private": "eyJlMmJmYjczMC1lY2FhLTExZTYtOGY4OC0zNDM2M2JjN2M0YzAiOnsiY3JlYXRlIjoyNzAwMDAwMDAwMDAwLCJkZWxldGUiOjI3MDAwMDAwMDAwMDAsInJlYWQiOjMwMDAwMDAwMDAwMCwidXBkYXRlIjoyNzAwMDAwMDAwMDAwfX0=",
          "dependencies": [
            "azurerm_network_interface.provisioning-nic",
            "azurerm_public_ip.provisioning_public_ip",
            "azurerm_subnet.provisioning-subnet",
            "azurerm_virtual_network.provisioning-vnet"
          ]
        },
        {
          "index_key": 2,
          "schema_version": 0,
          "attributes": {
            "additional_capabilities": [],
            "admin_password": null,
            "admin_ssh_key": [
              {
                "public_key": "ssh-rsa AAAAB3NzaC1yc2EAAAADAQABAAABgQDE2CiRfil91/t9M9vkV0T+Z4gKKydJu5VeCH9evB4GVfa3f9EXemzD2tp+bFHTn1plRZhBWn9p+DoPLT1EuEHLrtWiaQWJsQvpDmLQkTwkY0TFPXr7vZQ9XiCz1JMHxqZErA5zlWM/j1qQOQwcV7/GGb6X/sJgQp4ix/vg5+V4KF5MA3U6bk2x0Xwl8wnuy/AS2fIz4LJFxsYMJf9iX9N2vVJirU213QJ0N4vLDkqU9o53Mb+c3Ru83gAGwgPn7JunbvozaPzcHDfjjD/OMVH9U6WKzleBx+CD0Bx6waIPzAM/lLGHKSUPn6AjfcvJpUXHdg8KZaV9gbMVAY8VsHsSDtXQ4zOkR4WO8OIm/FhJAp7+UALc+SWoRr6FUdB4b8rjcOsfspSBjZFDUdgw3eoeENlJFGxqSAUm1x3AL8QzfAjj5hSwZB92Cb2OuBWIEi6bTqJd1GwCo7PVBoZLb7dA/HOPixDzllKzP8n/6uCN57SodUUfc30APZcTEYdx9aU= selmaboujenna@DVTNL-5CG3320NLV\n",
                "username": "adminuser"
              }
            ],
            "admin_username": "adminuser",
            "allow_extension_operations": true,
            "availability_set_id": "",
            "boot_diagnostics": [],
            "computer_name": "provisioning-2",
            "custom_data": null,
            "dedicated_host_group_id": "",
            "dedicated_host_id": "",
            "disable_password_authentication": true,
            "edge_zone": "",
            "encryption_at_host_enabled": false,
            "eviction_policy": "",
            "extensions_time_budget": "PT1H30M",
            "id": "/subscriptions/41e50375-b926-4bc4-9045-348f359cf721/resourceGroups/boujenna_selma-rg/providers/Microsoft.Compute/virtualMachines/provisioning-2",
            "identity": [],
            "license_type": "",
            "location": "westeurope",
            "max_bid_price": -1,
            "name": "provisioning-2",
            "network_interface_ids": [
              "/subscriptions/41e50375-b926-4bc4-9045-348f359cf721/resourceGroups/boujenna_selma-rg/providers/Microsoft.Network/networkInterfaces/provisioning-nic-2"
            ],
            "os_disk": [
              {
                "caching": "ReadWrite",
                "diff_disk_settings": [],
                "disk_encryption_set_id": "",
                "disk_size_gb": 30,
                "name": "myosdisk-2",
                "storage_account_type": "Standard_LRS",
                "write_accelerator_enabled": false
              }
            ],
            "patch_mode": "ImageDefault",
            "plan": [],
            "platform_fault_domain": -1,
            "priority": "Regular",
            "private_ip_address": "10.123.0.4",
            "private_ip_addresses": [
              "10.123.0.4"
            ],
            "provision_vm_agent": true,
            "proximity_placement_group_id": "",
            "public_ip_address": "52.233.193.123",
            "public_ip_addresses": [
              "52.233.193.123"
            ],
            "resource_group_name": "boujenna_selma-rg",
            "secret": [],
            "secure_boot_enabled": false,
            "size": "Standard_F2s_v2",
            "source_image_id": "",
            "source_image_reference": [
              {
                "offer": "openSUSE-leap-15-4",
                "publisher": "SUSE",
                "sku": "gen2",
                "version": "latest"
              }
            ],
            "tags": {
              "Pillar": "M Cloud",
              "Role": "Futures",
              "Usage": "Training / Certification related activities"
            },
            "termination_notification": [],
            "timeouts": null,
            "user_data": "",
            "virtual_machine_id": "a4c996cc-24c0-4ebb-a7b7-1ddedc22361c",
            "virtual_machine_scale_set_id": "",
            "vtpm_enabled": false,
            "zone": ""
          },
          "sensitive_attributes": [
            [
              {
                "type": "get_attr",
                "value": "admin_password"
              }
            ],
            [
              {
                "type": "get_attr",
                "value": "custom_data"
              }
            ]
          ],
          "private": "eyJlMmJmYjczMC1lY2FhLTExZTYtOGY4OC0zNDM2M2JjN2M0YzAiOnsiY3JlYXRlIjoyNzAwMDAwMDAwMDAwLCJkZWxldGUiOjI3MDAwMDAwMDAwMDAsInJlYWQiOjMwMDAwMDAwMDAwMCwidXBkYXRlIjoyNzAwMDAwMDAwMDAwfX0=",
          "dependencies": [
            "azurerm_network_interface.provisioning-nic",
            "azurerm_public_ip.provisioning_public_ip",
            "azurerm_subnet.provisioning-subnet",
            "azurerm_virtual_network.provisioning-vnet"
          ]
        }
      ]
    },
    {
      "mode": "managed",
      "type": "azurerm_network_interface",
      "name": "provisioning-nic",
      "provider": "provider[\"registry.terraform.io/hashicorp/azurerm\"]",
      "instances": [
        {
          "index_key": 0,
          "schema_version": 0,
          "attributes": {
            "applied_dns_servers": [],
            "dns_servers": [],
            "edge_zone": "",
            "enable_accelerated_networking": false,
            "enable_ip_forwarding": false,
            "id": "/subscriptions/41e50375-b926-4bc4-9045-348f359cf721/resourceGroups/boujenna_selma-rg/providers/Microsoft.Network/networkInterfaces/provisioning-nic-0",
            "internal_dns_name_label": "",
            "internal_domain_name_suffix": "nbtxtdeo0vhefnsxzzwguqhnqg.ax.internal.cloudapp.net",
            "ip_configuration": [
              {
                "gateway_load_balancer_frontend_ip_configuration_id": "",
                "name": "internal",
                "primary": true,
                "private_ip_address": "10.123.0.6",
                "private_ip_address_allocation": "Dynamic",
                "private_ip_address_version": "IPv4",
                "public_ip_address_id": "/subscriptions/41e50375-b926-4bc4-9045-348f359cf721/resourceGroups/boujenna_selma-rg/providers/Microsoft.Network/publicIPAddresses/provisioning-ipconfig-0",
                "subnet_id": "/subscriptions/41e50375-b926-4bc4-9045-348f359cf721/resourceGroups/boujenna_selma-rg/providers/Microsoft.Network/virtualNetworks/provisioning-vnet/subnets/provisioning-subnet"
              }
            ],
            "location": "westeurope",
            "mac_address": "00-22-48-81-10-6B",
            "name": "provisioning-nic-0",
            "private_ip_address": "10.123.0.6",
            "private_ip_addresses": [
              "10.123.0.6"
            ],
            "resource_group_name": "boujenna_selma-rg",
            "tags": {},
            "timeouts": null,
            "virtual_machine_id": "/subscriptions/41e50375-b926-4bc4-9045-348f359cf721/resourceGroups/boujenna_selma-rg/providers/Microsoft.Compute/virtualMachines/provisioning-0"
          },
          "sensitive_attributes": [],
          "private": "eyJlMmJmYjczMC1lY2FhLTExZTYtOGY4OC0zNDM2M2JjN2M0YzAiOnsiY3JlYXRlIjoxODAwMDAwMDAwMDAwLCJkZWxldGUiOjE4MDAwMDAwMDAwMDAsInJlYWQiOjMwMDAwMDAwMDAwMCwidXBkYXRlIjoxODAwMDAwMDAwMDAwfX0=",
          "dependencies": [
            "azurerm_public_ip.provisioning_public_ip",
            "azurerm_subnet.provisioning-subnet",
            "azurerm_virtual_network.provisioning-vnet"
          ]
        },
        {
          "index_key": 1,
          "schema_version": 0,
          "attributes": {
            "applied_dns_servers": [],
            "dns_servers": [],
            "edge_zone": "",
            "enable_accelerated_networking": false,
            "enable_ip_forwarding": false,
            "id": "/subscriptions/41e50375-b926-4bc4-9045-348f359cf721/resourceGroups/boujenna_selma-rg/providers/Microsoft.Network/networkInterfaces/provisioning-nic-1",
            "internal_dns_name_label": "",
            "internal_domain_name_suffix": "nbtxtdeo0vhefnsxzzwguqhnqg.ax.internal.cloudapp.net",
            "ip_configuration": [
              {
                "gateway_load_balancer_frontend_ip_configuration_id": "",
                "name": "internal",
                "primary": true,
                "private_ip_address": "10.123.0.5",
                "private_ip_address_allocation": "Dynamic",
                "private_ip_address_version": "IPv4",
                "public_ip_address_id": "/subscriptions/41e50375-b926-4bc4-9045-348f359cf721/resourceGroups/boujenna_selma-rg/providers/Microsoft.Network/publicIPAddresses/provisioning-ipconfig-1",
                "subnet_id": "/subscriptions/41e50375-b926-4bc4-9045-348f359cf721/resourceGroups/boujenna_selma-rg/providers/Microsoft.Network/virtualNetworks/provisioning-vnet/subnets/provisioning-subnet"
              }
            ],
            "location": "westeurope",
            "mac_address": "00-0D-3A-47-67-DE",
            "name": "provisioning-nic-1",
            "private_ip_address": "10.123.0.5",
            "private_ip_addresses": [
              "10.123.0.5"
            ],
            "resource_group_name": "boujenna_selma-rg",
            "tags": {},
            "timeouts": null,
            "virtual_machine_id": "/subscriptions/41e50375-b926-4bc4-9045-348f359cf721/resourceGroups/boujenna_selma-rg/providers/Microsoft.Compute/virtualMachines/provisioning-1"
          },
          "sensitive_attributes": [],
          "private": "eyJlMmJmYjczMC1lY2FhLTExZTYtOGY4OC0zNDM2M2JjN2M0YzAiOnsiY3JlYXRlIjoxODAwMDAwMDAwMDAwLCJkZWxldGUiOjE4MDAwMDAwMDAwMDAsInJlYWQiOjMwMDAwMDAwMDAwMCwidXBkYXRlIjoxODAwMDAwMDAwMDAwfX0=",
          "dependencies": [
            "azurerm_public_ip.provisioning_public_ip",
            "azurerm_subnet.provisioning-subnet",
            "azurerm_virtual_network.provisioning-vnet"
          ]
        },
        {
          "index_key": 2,
          "schema_version": 0,
          "attributes": {
            "applied_dns_servers": [],
            "dns_servers": [],
            "edge_zone": "",
            "enable_accelerated_networking": false,
            "enable_ip_forwarding": false,
            "id": "/subscriptions/41e50375-b926-4bc4-9045-348f359cf721/resourceGroups/boujenna_selma-rg/providers/Microsoft.Network/networkInterfaces/provisioning-nic-2",
            "internal_dns_name_label": "",
            "internal_domain_name_suffix": "nbtxtdeo0vhefnsxzzwguqhnqg.ax.internal.cloudapp.net",
            "ip_configuration": [
              {
                "gateway_load_balancer_frontend_ip_configuration_id": "",
                "name": "internal",
                "primary": true,
                "private_ip_address": "10.123.0.4",
                "private_ip_address_allocation": "Dynamic",
                "private_ip_address_version": "IPv4",
                "public_ip_address_id": "/subscriptions/41e50375-b926-4bc4-9045-348f359cf721/resourceGroups/boujenna_selma-rg/providers/Microsoft.Network/publicIPAddresses/provisioning-ipconfig-2",
                "subnet_id": "/subscriptions/41e50375-b926-4bc4-9045-348f359cf721/resourceGroups/boujenna_selma-rg/providers/Microsoft.Network/virtualNetworks/provisioning-vnet/subnets/provisioning-subnet"
              }
            ],
            "location": "westeurope",
            "mac_address": "7C-1E-52-26-E7-AC",
            "name": "provisioning-nic-2",
            "private_ip_address": "10.123.0.4",
            "private_ip_addresses": [
              "10.123.0.4"
            ],
            "resource_group_name": "boujenna_selma-rg",
            "tags": {},
            "timeouts": null,
            "virtual_machine_id": "/subscriptions/41e50375-b926-4bc4-9045-348f359cf721/resourceGroups/boujenna_selma-rg/providers/Microsoft.Compute/virtualMachines/provisioning-2"
          },
          "sensitive_attributes": [],
          "private": "eyJlMmJmYjczMC1lY2FhLTExZTYtOGY4OC0zNDM2M2JjN2M0YzAiOnsiY3JlYXRlIjoxODAwMDAwMDAwMDAwLCJkZWxldGUiOjE4MDAwMDAwMDAwMDAsInJlYWQiOjMwMDAwMDAwMDAwMCwidXBkYXRlIjoxODAwMDAwMDAwMDAwfX0=",
          "dependencies": [
            "azurerm_public_ip.provisioning_public_ip",
            "azurerm_subnet.provisioning-subnet",
            "azurerm_virtual_network.provisioning-vnet"
          ]
        }
      ]
    },
    {
      "mode": "managed",
      "type": "azurerm_network_security_group",
      "name": "provisioning-nsg",
      "provider": "provider[\"registry.terraform.io/hashicorp/azurerm\"]",
      "instances": [
        {
          "schema_version": 0,
          "attributes": {
            "id": "/subscriptions/41e50375-b926-4bc4-9045-348f359cf721/resourceGroups/boujenna_selma-rg/providers/Microsoft.Network/networkSecurityGroups/provisioning-nsg",
            "location": "westeurope",
            "name": "provisioning-nsg",
            "resource_group_name": "boujenna_selma-rg",
            "security_rule": [
              {
                "access": "Allow",
                "description": "",
                "destination_address_prefix": "*",
                "destination_address_prefixes": [],
                "destination_application_security_group_ids": [],
                "destination_port_range": "*",
                "destination_port_ranges": [],
                "direction": "Inbound",
                "name": "security_rule",
                "priority": 100,
                "protocol": "*",
                "source_address_prefix": "*",
                "source_address_prefixes": [],
                "source_application_security_group_ids": [],
                "source_port_range": "*",
                "source_port_ranges": []
              }
            ],
            "tags": {
              "Pillar": "M Cloud",
              "Role": "Futures",
              "Usage": "Training / Certification related activities"
            },
            "timeouts": null
          },
          "sensitive_attributes": [],
          "private": "eyJlMmJmYjczMC1lY2FhLTExZTYtOGY4OC0zNDM2M2JjN2M0YzAiOnsiY3JlYXRlIjoxODAwMDAwMDAwMDAwLCJkZWxldGUiOjE4MDAwMDAwMDAwMDAsInJlYWQiOjMwMDAwMDAwMDAwMCwidXBkYXRlIjoxODAwMDAwMDAwMDAwfX0="
        }
      ]
    },
    {
      "mode": "managed",
      "type": "azurerm_network_security_rule",
      "name": "security_rule",
      "provider": "provider[\"registry.terraform.io/hashicorp/azurerm\"]",
      "instances": [
        {
          "schema_version": 0,
          "attributes": {
            "access": "Allow",
            "description": "",
            "destination_address_prefix": "*",
            "destination_address_prefixes": [],
            "destination_application_security_group_ids": [],
            "destination_port_range": "*",
            "destination_port_ranges": [],
            "direction": "Inbound",
            "id": "/subscriptions/41e50375-b926-4bc4-9045-348f359cf721/resourceGroups/boujenna_selma-rg/providers/Microsoft.Network/networkSecurityGroups/provisioning-nsg/securityRules/security_rule",
            "name": "security_rule",
            "network_security_group_name": "provisioning-nsg",
            "priority": 100,
            "protocol": "*",
            "resource_group_name": "boujenna_selma-rg",
            "source_address_prefix": "*",
            "source_address_prefixes": [],
            "source_application_security_group_ids": [],
            "source_port_range": "*",
            "source_port_ranges": [],
            "timeouts": null
          },
          "sensitive_attributes": [],
          "private": "eyJlMmJmYjczMC1lY2FhLTExZTYtOGY4OC0zNDM2M2JjN2M0YzAiOnsiY3JlYXRlIjoxODAwMDAwMDAwMDAwLCJkZWxldGUiOjE4MDAwMDAwMDAwMDAsInJlYWQiOjMwMDAwMDAwMDAwMCwidXBkYXRlIjoxODAwMDAwMDAwMDAwfX0=",
          "dependencies": [
            "azurerm_network_security_group.provisioning-nsg"
          ]
        }
      ]
    },
    {
      "mode": "managed",
      "type": "azurerm_public_ip",
      "name": "provisioning_public_ip",
      "provider": "provider[\"registry.terraform.io/hashicorp/azurerm\"]",
      "instances": [
        {
          "index_key": 0,
          "schema_version": 0,
          "attributes": {
            "allocation_method": "Dynamic",
            "domain_name_label": null,
            "edge_zone": "",
            "fqdn": null,
            "id": "/subscriptions/41e50375-b926-4bc4-9045-348f359cf721/resourceGroups/boujenna_selma-rg/providers/Microsoft.Network/publicIPAddresses/provisioning-ipconfig-0",
            "idle_timeout_in_minutes": 4,
            "ip_address": "52.174.234.115",
            "ip_tags": {},
            "ip_version": "IPv4",
            "location": "westeurope",
            "name": "provisioning-ipconfig-0",
            "public_ip_prefix_id": null,
            "resource_group_name": "boujenna_selma-rg",
            "reverse_fqdn": null,
            "sku": "Basic",
            "sku_tier": "Regional",
            "tags": {
              "Pillar": "M Cloud",
              "Role": "Futures",
              "Usage": "Training / Certification related activities"
            },
            "timeouts": null,
            "zones": []
          },
          "sensitive_attributes": [],
          "private": "eyJlMmJmYjczMC1lY2FhLTExZTYtOGY4OC0zNDM2M2JjN2M0YzAiOnsiY3JlYXRlIjoxODAwMDAwMDAwMDAwLCJkZWxldGUiOjE4MDAwMDAwMDAwMDAsInJlYWQiOjMwMDAwMDAwMDAwMCwidXBkYXRlIjoxODAwMDAwMDAwMDAwfX0="
        },
        {
          "index_key": 1,
          "schema_version": 0,
          "attributes": {
            "allocation_method": "Dynamic",
            "domain_name_label": null,
            "edge_zone": "",
            "fqdn": null,
            "id": "/subscriptions/41e50375-b926-4bc4-9045-348f359cf721/resourceGroups/boujenna_selma-rg/providers/Microsoft.Network/publicIPAddresses/provisioning-ipconfig-1",
            "idle_timeout_in_minutes": 4,
            "ip_address": "52.232.19.145",
            "ip_tags": {},
            "ip_version": "IPv4",
            "location": "westeurope",
            "name": "provisioning-ipconfig-1",
            "public_ip_prefix_id": null,
            "resource_group_name": "boujenna_selma-rg",
            "reverse_fqdn": null,
            "sku": "Basic",
            "sku_tier": "Regional",
            "tags": {
              "Pillar": "M Cloud",
              "Role": "Futures",
              "Usage": "Training / Certification related activities"
            },
            "timeouts": null,
            "zones": []
          },
          "sensitive_attributes": [],
          "private": "eyJlMmJmYjczMC1lY2FhLTExZTYtOGY4OC0zNDM2M2JjN2M0YzAiOnsiY3JlYXRlIjoxODAwMDAwMDAwMDAwLCJkZWxldGUiOjE4MDAwMDAwMDAwMDAsInJlYWQiOjMwMDAwMDAwMDAwMCwidXBkYXRlIjoxODAwMDAwMDAwMDAwfX0="
        },
        {
          "index_key": 2,
          "schema_version": 0,
          "attributes": {
            "allocation_method": "Dynamic",
            "domain_name_label": null,
            "edge_zone": "",
            "fqdn": null,
            "id": "/subscriptions/41e50375-b926-4bc4-9045-348f359cf721/resourceGroups/boujenna_selma-rg/providers/Microsoft.Network/publicIPAddresses/provisioning-ipconfig-2",
            "idle_timeout_in_minutes": 4,
            "ip_address": "52.233.193.123",
            "ip_tags": {},
            "ip_version": "IPv4",
            "location": "westeurope",
            "name": "provisioning-ipconfig-2",
            "public_ip_prefix_id": null,
            "resource_group_name": "boujenna_selma-rg",
            "reverse_fqdn": null,
            "sku": "Basic",
            "sku_tier": "Regional",
            "tags": {
              "Pillar": "M Cloud",
              "Role": "Futures",
              "Usage": "Training / Certification related activities"
            },
            "timeouts": null,
            "zones": []
          },
          "sensitive_attributes": [],
          "private": "eyJlMmJmYjczMC1lY2FhLTExZTYtOGY4OC0zNDM2M2JjN2M0YzAiOnsiY3JlYXRlIjoxODAwMDAwMDAwMDAwLCJkZWxldGUiOjE4MDAwMDAwMDAwMDAsInJlYWQiOjMwMDAwMDAwMDAwMCwidXBkYXRlIjoxODAwMDAwMDAwMDAwfX0="
        }
      ]
    },
    {
      "mode": "managed",
      "type": "azurerm_subnet",
      "name": "provisioning-subnet",
      "provider": "provider[\"registry.terraform.io/hashicorp/azurerm\"]",
      "instances": [
        {
          "schema_version": 0,
          "attributes": {
            "address_prefixes": [
              "10.123.0.0/24"
            ],
            "delegation": [],
            "enforce_private_link_endpoint_network_policies": false,
            "enforce_private_link_service_network_policies": false,
            "id": "/subscriptions/41e50375-b926-4bc4-9045-348f359cf721/resourceGroups/boujenna_selma-rg/providers/Microsoft.Network/virtualNetworks/provisioning-vnet/subnets/provisioning-subnet",
            "name": "provisioning-subnet",
            "resource_group_name": "boujenna_selma-rg",
            "service_endpoint_policy_ids": [],
            "service_endpoints": [],
            "timeouts": null,
            "virtual_network_name": "provisioning-vnet"
          },
          "sensitive_attributes": [],
          "private": "eyJlMmJmYjczMC1lY2FhLTExZTYtOGY4OC0zNDM2M2JjN2M0YzAiOnsiY3JlYXRlIjoxODAwMDAwMDAwMDAwLCJkZWxldGUiOjE4MDAwMDAwMDAwMDAsInJlYWQiOjMwMDAwMDAwMDAwMCwidXBkYXRlIjoxODAwMDAwMDAwMDAwfX0=",
          "dependencies": [
            "azurerm_virtual_network.provisioning-vnet"
          ]
        }
      ]
    },
    {
      "mode": "managed",
      "type": "azurerm_subnet_network_security_group_association",
      "name": "sub_associations",
      "provider": "provider[\"registry.terraform.io/hashicorp/azurerm\"]",
      "instances": [
        {
          "schema_version": 0,
          "attributes": {
            "id": "/subscriptions/41e50375-b926-4bc4-9045-348f359cf721/resourceGroups/boujenna_selma-rg/providers/Microsoft.Network/virtualNetworks/provisioning-vnet/subnets/provisioning-subnet",
            "network_security_group_id": "/subscriptions/41e50375-b926-4bc4-9045-348f359cf721/resourceGroups/boujenna_selma-rg/providers/Microsoft.Network/networkSecurityGroups/provisioning-nsg",
            "subnet_id": "/subscriptions/41e50375-b926-4bc4-9045-348f359cf721/resourceGroups/boujenna_selma-rg/providers/Microsoft.Network/virtualNetworks/provisioning-vnet/subnets/provisioning-subnet",
            "timeouts": null
          },
          "sensitive_attributes": [],
          "private": "eyJlMmJmYjczMC1lY2FhLTExZTYtOGY4OC0zNDM2M2JjN2M0YzAiOnsiY3JlYXRlIjoxODAwMDAwMDAwMDAwLCJkZWxldGUiOjE4MDAwMDAwMDAwMDAsInJlYWQiOjMwMDAwMDAwMDAwMCwidXBkYXRlIjoxODAwMDAwMDAwMDAwfX0=",
          "dependencies": [
            "azurerm_network_security_group.provisioning-nsg",
            "azurerm_subnet.provisioning-subnet",
            "azurerm_virtual_network.provisioning-vnet"
          ]
        }
      ]
    },
    {
      "mode": "managed",
      "type": "azurerm_virtual_network",
      "name": "provisioning-vnet",
      "provider": "provider[\"registry.terraform.io/hashicorp/azurerm\"]",
      "instances": [
        {
          "schema_version": 0,
          "attributes": {
            "address_space": [
              "10.123.0.0/16"
            ],
            "bgp_community": "",
            "ddos_protection_plan": [],
            "dns_servers": [],
            "edge_zone": "",
            "flow_timeout_in_minutes": 0,
            "guid": "8c796768-d58e-424e-b657-ce6c6a40ed86",
            "id": "/subscriptions/41e50375-b926-4bc4-9045-348f359cf721/resourceGroups/boujenna_selma-rg/providers/Microsoft.Network/virtualNetworks/provisioning-vnet",
            "location": "westeurope",
            "name": "provisioning-vnet",
            "resource_group_name": "boujenna_selma-rg",
            "subnet": [
              {
                "address_prefix": "10.123.0.0/24",
                "id": "/subscriptions/41e50375-b926-4bc4-9045-348f359cf721/resourceGroups/boujenna_selma-rg/providers/Microsoft.Network/virtualNetworks/provisioning-vnet/subnets/provisioning-subnet",
                "name": "provisioning-subnet",
                "security_group": "/subscriptions/41e50375-b926-4bc4-9045-348f359cf721/resourceGroups/boujenna_selma-rg/providers/Microsoft.Network/networkSecurityGroups/provisioning-nsg"
              }
            ],
            "tags": {
              "Pillar": "M Cloud",
              "Role": "Futures",
              "Usage": "Training / Certification related activities"
            },
            "timeouts": null
          },
          "sensitive_attributes": [],
          "private": "eyJlMmJmYjczMC1lY2FhLTExZTYtOGY4OC0zNDM2M2JjN2M0YzAiOnsiY3JlYXRlIjoxODAwMDAwMDAwMDAwLCJkZWxldGUiOjE4MDAwMDAwMDAwMDAsInJlYWQiOjMwMDAwMDAwMDAwMCwidXBkYXRlIjoxODAwMDAwMDAwMDAwfX0="
        }
      ]
    },
    {
      "mode": "managed",
      "type": "local_file",
      "name": "ansible",
      "provider": "provider[\"registry.terraform.io/hashicorp/local\"]",
      "instances": [
        {
          "schema_version": 0,
          "attributes": {
            "content": "[testingVM]\n52.174.234.115 ansible_user=adminuser ansible_ssh_private_key_file=/home/adminuser/.ssh/azurekey\n[acceptanceVM]\n52.232.19.145 ansible_user=adminuser ansible_ssh_private_key_file=/home/adminuser/.ssh/azurekey\n[productionVM]\n52.233.193.123 ansible_user=adminuser ansible_ssh_private_key_file=/home/adminuser/.ssh/azurekey\n",
            "content_base64": null,
            "content_base64sha256": "PHdo7BjE/hiPdlCZ10o6hsC/vIPLPUqLofwNDOWm9VQ=",
            "content_base64sha512": "jHtpk4Q7IxJajn47O0thXPBN3hSQ1Sw55h94Ug0uAa51uogit91mBU12EJgKr2BYhmFMq0PMvtAGgUpPw/M4Ig==",
            "content_md5": "6af821de0c275bf3185b81f52961cbdb",
            "content_sha1": "594247f0b2d82ff8a4854cfdd231628504af6cc3",
            "content_sha256": "3c7768ec18c4fe188f765099d74a3a86c0bfbc83cb3d4a8ba1fc0d0ce5a6f554",
            "content_sha512": "8c7b6993843b23125a8e7e3b3b4b615cf04dde1490d52c39e61f78520d2e01ae75ba8822b7dd66054d7610980aaf605886614cab43ccbed006814a4fc3f33822",
            "directory_permission": "0777",
            "file_permission": "0777",
            "filename": "/home/selmaboujenna/repos/Githubpetclinic/ansible_quickstart/inventory",
            "id": "594247f0b2d82ff8a4854cfdd231628504af6cc3",
            "sensitive_content": null,
            "source": null
          },
          "sensitive_attributes": [
            [
              {
                "type": "get_attr",
                "value": "sensitive_content"
              }
            ]
          ],
          "dependencies": [
            "azurerm_linux_virtual_machine.linux_vm",
            "azurerm_network_interface.provisioning-nic",
            "azurerm_public_ip.provisioning_public_ip",
            "azurerm_subnet.provisioning-subnet",
            "azurerm_virtual_network.provisioning-vnet",
            "data.azurerm_public_ip.provisioning_public_ip",
            "data.azurerm_public_ip.provisioning_public_ip1",
            "data.azurerm_public_ip.provisioning_public_ip2"
          ]
        }
      ]
    }
  ],
  "check_results": null
}
