{
  "version": 4,
  "terraform_version": "0.13.4",
  "serial": 69,
  "lineage": "ba865764-6024-7a82-1f36-b09ceb246c59",
  "outputs": {},
  "resources": [
    {
      "mode": "data",
      "type": "azurerm_resource_group",
      "name": "boujenna_selma-rg",
      "provider": "provider[\"registry.terraform.io/hashicorp/azurerm\"]",
      "instances": [
        {
          "schema_version": 0,
          "attributes": {
            "id": "/subscriptions/41e50375-b926-4bc4-9045-348f359cf721/resourceGroups/boujenna_selma-rg",
            "location": "westeurope",
            "name": "boujenna_selma-rg",
            "tags": {
              "Pillar": "M Cloud",
              "Role": "Futures",
              "Tier": "Personal",
              "Usage": "Training / Certification related activities"
            },
            "timeouts": null
          }
        }
      ]
    },
    {
      "mode": "managed",
      "type": "azurerm_linux_virtual_machine",
      "name": "linux_vm",
      "provider": "provider[\"registry.terraform.io/hashicorp/azurerm\"]",
      "instances": [
        {
          "index_key": 0,
          "schema_version": 0,
          "attributes": {
            "additional_capabilities": [],
            "admin_password": null,
            "admin_ssh_key": [
              {
                "public_key": "ssh-rsa AAAAB3NzaC1yc2EAAAADAQABAAABgQCmS+ifi+jNG6n2MtAzPIMcg2gxT7zEEFDPb/M5xjubCgUADGeb583endnHrCivOKgNbZFZmkkBpobMiVgAUenQu56Pzd7jVrDaCM1PYPk5UOIN0A/3SN8ae37LHZvr9Gdqz+igkrUw5vRGtAKDtx7mH1J3uTw5j4Psu7g8rw3fSlHJqE1uXe7BbixiieNc5g/qkDuC5bv2fmv1rg6ag7TkOAu4BxB/17As3/qr3zBXVt+eBVoVQ3n88vsL8VRF+Q71OZZDBvBrfVZz9rGwh3rtgJFrl9+YmsQ7qhNl5Q1kvzn+xcD8XMYbACBPRxbEoXj7ts5dTyM8uhuGYXn3wvil6rn9/4CgJfKfAOhd/sDke4taRiACd+fstTONbL6ZchPZztJL3m9bRb4eOj1n96aGgtxh2hQWhJXDcnderaCFP5aj9pgTTxgWopfbCD8He+pLGDmjmmQUvV5FZMZ1ZxZpasbG6+IT1tzcwbpoLrMF74cFKMDP4dSVHVZYwsBWc2U= selmaboujenna@firsyt-VM\n",
                "username": "adminuser"
              }
            ],
            "admin_username": "adminuser",
            "allow_extension_operations": true,
            "availability_set_id": "",
            "boot_diagnostics": [],
            "computer_name": "provisioning-0",
            "custom_data": null,
            "dedicated_host_group_id": "",
            "dedicated_host_id": "",
            "disable_password_authentication": true,
            "edge_zone": "",
            "encryption_at_host_enabled": false,
            "eviction_policy": "",
            "extensions_time_budget": "PT1H30M",
            "id": "/subscriptions/41e50375-b926-4bc4-9045-348f359cf721/resourceGroups/boujenna_selma-rg/providers/Microsoft.Compute/virtualMachines/provisioning-0",
            "identity": [],
            "license_type": "",
            "location": "westeurope",
            "max_bid_price": -1,
            "name": "provisioning-0",
            "network_interface_ids": [
              "/subscriptions/41e50375-b926-4bc4-9045-348f359cf721/resourceGroups/boujenna_selma-rg/providers/Microsoft.Network/networkInterfaces/provisioning-nic-0"
            ],
            "os_disk": [
              {
                "caching": "ReadWrite",
                "diff_disk_settings": [],
                "disk_encryption_set_id": "",
                "disk_size_gb": 30,
                "name": "myosdisk-0",
                "storage_account_type": "Standard_LRS",
                "write_accelerator_enabled": false
              }
            ],
            "patch_mode": "ImageDefault",
            "plan": [],
            "platform_fault_domain": -1,
            "priority": "Regular",
            "private_ip_address": "10.123.0.6",
            "private_ip_addresses": [
              "10.123.0.6"
            ],
            "provision_vm_agent": true,
            "proximity_placement_group_id": "",
            "public_ip_address": "52.166.128.240",
            "public_ip_addresses": [
              "52.166.128.240"
            ],
            "resource_group_name": "boujenna_selma-rg",
            "secret": [],
            "secure_boot_enabled": false,
            "size": "Standard_F2s_v2",
            "source_image_id": "",
            "source_image_reference": [
              {
                "offer": "openSUSE-leap-15-4",
                "publisher": "SUSE",
                "sku": "gen2",
                "version": "latest"
              }
            ],
            "tags": {
              "Pillar": "M Cloud",
              "Role": "Futures",
              "Usage": "Training / Certification related activities"
            },
            "termination_notification": null,
            "timeouts": null,
            "user_data": "",
            "virtual_machine_id": "f14c4462-70a5-4071-aaf2-e431df86cbc0",
            "virtual_machine_scale_set_id": "",
            "vtpm_enabled": false,
            "zone": ""
          },
          "private": "eyJlMmJmYjczMC1lY2FhLTExZTYtOGY4OC0zNDM2M2JjN2M0YzAiOnsiY3JlYXRlIjoyNzAwMDAwMDAwMDAwLCJkZWxldGUiOjI3MDAwMDAwMDAwMDAsInJlYWQiOjMwMDAwMDAwMDAwMCwidXBkYXRlIjoyNzAwMDAwMDAwMDAwfX0=",
          "dependencies": [
            "azurerm_network_interface.provisioning-nic",
            "azurerm_public_ip.provisioning_public_ip",
            "azurerm_subnet.provisioning-subnet"
          ]
        },
        {
          "index_key": 1,
          "schema_version": 0,
          "attributes": {
            "additional_capabilities": [],
            "admin_password": null,
            "admin_ssh_key": [
              {
                "public_key": "ssh-rsa AAAAB3NzaC1yc2EAAAADAQABAAABgQCmS+ifi+jNG6n2MtAzPIMcg2gxT7zEEFDPb/M5xjubCgUADGeb583endnHrCivOKgNbZFZmkkBpobMiVgAUenQu56Pzd7jVrDaCM1PYPk5UOIN0A/3SN8ae37LHZvr9Gdqz+igkrUw5vRGtAKDtx7mH1J3uTw5j4Psu7g8rw3fSlHJqE1uXe7BbixiieNc5g/qkDuC5bv2fmv1rg6ag7TkOAu4BxB/17As3/qr3zBXVt+eBVoVQ3n88vsL8VRF+Q71OZZDBvBrfVZz9rGwh3rtgJFrl9+YmsQ7qhNl5Q1kvzn+xcD8XMYbACBPRxbEoXj7ts5dTyM8uhuGYXn3wvil6rn9/4CgJfKfAOhd/sDke4taRiACd+fstTONbL6ZchPZztJL3m9bRb4eOj1n96aGgtxh2hQWhJXDcnderaCFP5aj9pgTTxgWopfbCD8He+pLGDmjmmQUvV5FZMZ1ZxZpasbG6+IT1tzcwbpoLrMF74cFKMDP4dSVHVZYwsBWc2U= selmaboujenna@firsyt-VM\n",
                "username": "adminuser"
              }
            ],
            "admin_username": "adminuser",
            "allow_extension_operations": true,
            "availability_set_id": "",
            "boot_diagnostics": [],
            "computer_name": "provisioning-1",
            "custom_data": null,
            "dedicated_host_group_id": "",
            "dedicated_host_id": "",
            "disable_password_authentication": true,
            "edge_zone": "",
            "encryption_at_host_enabled": false,
            "eviction_policy": "",
            "extensions_time_budget": "PT1H30M",
            "id": "/subscriptions/41e50375-b926-4bc4-9045-348f359cf721/resourceGroups/boujenna_selma-rg/providers/Microsoft.Compute/virtualMachines/provisioning-1",
            "identity": [],
            "license_type": "",
            "location": "westeurope",
            "max_bid_price": -1,
            "name": "provisioning-1",
            "network_interface_ids": [
              "/subscriptions/41e50375-b926-4bc4-9045-348f359cf721/resourceGroups/boujenna_selma-rg/providers/Microsoft.Network/networkInterfaces/provisioning-nic-1"
            ],
            "os_disk": [
              {
                "caching": "ReadWrite",
                "diff_disk_settings": [],
                "disk_encryption_set_id": "",
                "disk_size_gb": 30,
                "name": "myosdisk-1",
                "storage_account_type": "Standard_LRS",
                "write_accelerator_enabled": false
              }
            ],
            "patch_mode": "ImageDefault",
            "plan": [],
            "platform_fault_domain": -1,
            "priority": "Regular",
            "private_ip_address": "10.123.0.4",
            "private_ip_addresses": [
              "10.123.0.4"
            ],
            "provision_vm_agent": true,
            "proximity_placement_group_id": "",
            "public_ip_address": "52.166.133.77",
            "public_ip_addresses": [
              "52.166.133.77"
            ],
            "resource_group_name": "boujenna_selma-rg",
            "secret": [],
            "secure_boot_enabled": false,
            "size": "Standard_F2s_v2",
            "source_image_id": "",
            "source_image_reference": [
              {
                "offer": "openSUSE-leap-15-4",
                "publisher": "SUSE",
                "sku": "gen2",
                "version": "latest"
              }
            ],
            "tags": {
              "Pillar": "M Cloud",
              "Role": "Futures",
              "Usage": "Training / Certification related activities"
            },
            "termination_notification": null,
            "timeouts": null,
            "user_data": "",
            "virtual_machine_id": "3de3a24d-3849-45bf-89a7-f2be3a9266f2",
            "virtual_machine_scale_set_id": "",
            "vtpm_enabled": false,
            "zone": ""
          },
          "private": "eyJlMmJmYjczMC1lY2FhLTExZTYtOGY4OC0zNDM2M2JjN2M0YzAiOnsiY3JlYXRlIjoyNzAwMDAwMDAwMDAwLCJkZWxldGUiOjI3MDAwMDAwMDAwMDAsInJlYWQiOjMwMDAwMDAwMDAwMCwidXBkYXRlIjoyNzAwMDAwMDAwMDAwfX0=",
          "dependencies": [
            "azurerm_network_interface.provisioning-nic",
            "azurerm_public_ip.provisioning_public_ip",
            "azurerm_subnet.provisioning-subnet"
          ]
        },
        {
          "index_key": 2,
          "schema_version": 0,
          "attributes": {
            "additional_capabilities": [],
            "admin_password": null,
            "admin_ssh_key": [
              {
                "public_key": "ssh-rsa AAAAB3NzaC1yc2EAAAADAQABAAABgQCmS+ifi+jNG6n2MtAzPIMcg2gxT7zEEFDPb/M5xjubCgUADGeb583endnHrCivOKgNbZFZmkkBpobMiVgAUenQu56Pzd7jVrDaCM1PYPk5UOIN0A/3SN8ae37LHZvr9Gdqz+igkrUw5vRGtAKDtx7mH1J3uTw5j4Psu7g8rw3fSlHJqE1uXe7BbixiieNc5g/qkDuC5bv2fmv1rg6ag7TkOAu4BxB/17As3/qr3zBXVt+eBVoVQ3n88vsL8VRF+Q71OZZDBvBrfVZz9rGwh3rtgJFrl9+YmsQ7qhNl5Q1kvzn+xcD8XMYbACBPRxbEoXj7ts5dTyM8uhuGYXn3wvil6rn9/4CgJfKfAOhd/sDke4taRiACd+fstTONbL6ZchPZztJL3m9bRb4eOj1n96aGgtxh2hQWhJXDcnderaCFP5aj9pgTTxgWopfbCD8He+pLGDmjmmQUvV5FZMZ1ZxZpasbG6+IT1tzcwbpoLrMF74cFKMDP4dSVHVZYwsBWc2U= selmaboujenna@firsyt-VM\n",
                "username": "adminuser"
              }
            ],
            "admin_username": "adminuser",
            "allow_extension_operations": true,
            "availability_set_id": "",
            "boot_diagnostics": [],
            "computer_name": "provisioning-2",
            "custom_data": null,
            "dedicated_host_group_id": "",
            "dedicated_host_id": "",
            "disable_password_authentication": true,
            "edge_zone": "",
            "encryption_at_host_enabled": false,
            "eviction_policy": "",
            "extensions_time_budget": "PT1H30M",
            "id": "/subscriptions/41e50375-b926-4bc4-9045-348f359cf721/resourceGroups/boujenna_selma-rg/providers/Microsoft.Compute/virtualMachines/provisioning-2",
            "identity": [],
            "license_type": "",
            "location": "westeurope",
            "max_bid_price": -1,
            "name": "provisioning-2",
            "network_interface_ids": [
              "/subscriptions/41e50375-b926-4bc4-9045-348f359cf721/resourceGroups/boujenna_selma-rg/providers/Microsoft.Network/networkInterfaces/provisioning-nic-2"
            ],
            "os_disk": [
              {
                "caching": "ReadWrite",
                "diff_disk_settings": [],
                "disk_encryption_set_id": "",
                "disk_size_gb": 30,
                "name": "myosdisk-2",
                "storage_account_type": "Standard_LRS",
                "write_accelerator_enabled": false
              }
            ],
            "patch_mode": "ImageDefault",
            "plan": [],
            "platform_fault_domain": -1,
            "priority": "Regular",
            "private_ip_address": "10.123.0.5",
            "private_ip_addresses": [
              "10.123.0.5"
            ],
            "provision_vm_agent": true,
            "proximity_placement_group_id": "",
            "public_ip_address": "52.174.56.46",
            "public_ip_addresses": [
              "52.174.56.46"
            ],
            "resource_group_name": "boujenna_selma-rg",
            "secret": [],
            "secure_boot_enabled": false,
            "size": "Standard_F2s_v2",
            "source_image_id": "",
            "source_image_reference": [
              {
                "offer": "openSUSE-leap-15-4",
                "publisher": "SUSE",
                "sku": "gen2",
                "version": "latest"
              }
            ],
            "tags": {
              "Pillar": "M Cloud",
              "Role": "Futures",
              "Usage": "Training / Certification related activities"
            },
            "termination_notification": null,
            "timeouts": null,
            "user_data": "",
            "virtual_machine_id": "880f9521-f3f0-40fb-9eec-32759ae39c37",
            "virtual_machine_scale_set_id": "",
            "vtpm_enabled": false,
            "zone": ""
          },
          "private": "eyJlMmJmYjczMC1lY2FhLTExZTYtOGY4OC0zNDM2M2JjN2M0YzAiOnsiY3JlYXRlIjoyNzAwMDAwMDAwMDAwLCJkZWxldGUiOjI3MDAwMDAwMDAwMDAsInJlYWQiOjMwMDAwMDAwMDAwMCwidXBkYXRlIjoyNzAwMDAwMDAwMDAwfX0=",
          "dependencies": [
            "azurerm_network_interface.provisioning-nic",
            "azurerm_public_ip.provisioning_public_ip",
            "azurerm_subnet.provisioning-subnet"
          ]
        }
      ]
    },
    {
      "mode": "managed",
      "type": "azurerm_network_interface",
      "name": "provisioning-nic",
      "provider": "provider[\"registry.terraform.io/hashicorp/azurerm\"]",
      "instances": [
        {
          "index_key": 0,
          "schema_version": 0,
          "attributes": {
            "applied_dns_servers": [],
            "dns_servers": [],
            "edge_zone": "",
            "enable_accelerated_networking": false,
            "enable_ip_forwarding": false,
            "id": "/subscriptions/41e50375-b926-4bc4-9045-348f359cf721/resourceGroups/boujenna_selma-rg/providers/Microsoft.Network/networkInterfaces/provisioning-nic-0",
            "internal_dns_name_label": "",
            "internal_domain_name_suffix": "txk2mlcyddfe3fxrvl0la4w10f.ax.internal.cloudapp.net",
            "ip_configuration": [
              {
                "gateway_load_balancer_frontend_ip_configuration_id": "",
                "name": "internal",
                "primary": true,
                "private_ip_address": "10.123.0.6",
                "private_ip_address_allocation": "Dynamic",
                "private_ip_address_version": "IPv4",
                "public_ip_address_id": "/subscriptions/41e50375-b926-4bc4-9045-348f359cf721/resourceGroups/boujenna_selma-rg/providers/Microsoft.Network/publicIPAddresses/provisioning-ipconfig-0",
                "subnet_id": "/subscriptions/41e50375-b926-4bc4-9045-348f359cf721/resourceGroups/boujenna_selma-rg/providers/Microsoft.Network/virtualNetworks/provisioning-vnet/subnets/provisioning-subnet"
              }
            ],
            "location": "westeurope",
            "mac_address": "",
            "name": "provisioning-nic-0",
            "private_ip_address": "10.123.0.6",
            "private_ip_addresses": [
              "10.123.0.6"
            ],
            "resource_group_name": "boujenna_selma-rg",
            "tags": {},
            "timeouts": null,
            "virtual_machine_id": ""
          },
          "private": "eyJlMmJmYjczMC1lY2FhLTExZTYtOGY4OC0zNDM2M2JjN2M0YzAiOnsiY3JlYXRlIjoxODAwMDAwMDAwMDAwLCJkZWxldGUiOjE4MDAwMDAwMDAwMDAsInJlYWQiOjMwMDAwMDAwMDAwMCwidXBkYXRlIjoxODAwMDAwMDAwMDAwfX0=",
          "dependencies": [
            "azurerm_public_ip.provisioning_public_ip",
            "azurerm_subnet.provisioning-subnet"
          ]
        },
        {
          "index_key": 1,
          "schema_version": 0,
          "attributes": {
            "applied_dns_servers": [],
            "dns_servers": [],
            "edge_zone": "",
            "enable_accelerated_networking": false,
            "enable_ip_forwarding": false,
            "id": "/subscriptions/41e50375-b926-4bc4-9045-348f359cf721/resourceGroups/boujenna_selma-rg/providers/Microsoft.Network/networkInterfaces/provisioning-nic-1",
            "internal_dns_name_label": "",
            "internal_domain_name_suffix": "txk2mlcyddfe3fxrvl0la4w10f.ax.internal.cloudapp.net",
            "ip_configuration": [
              {
                "gateway_load_balancer_frontend_ip_configuration_id": "",
                "name": "internal",
                "primary": true,
                "private_ip_address": "10.123.0.4",
                "private_ip_address_allocation": "Dynamic",
                "private_ip_address_version": "IPv4",
                "public_ip_address_id": "/subscriptions/41e50375-b926-4bc4-9045-348f359cf721/resourceGroups/boujenna_selma-rg/providers/Microsoft.Network/publicIPAddresses/provisioning-ipconfig-1",
                "subnet_id": "/subscriptions/41e50375-b926-4bc4-9045-348f359cf721/resourceGroups/boujenna_selma-rg/providers/Microsoft.Network/virtualNetworks/provisioning-vnet/subnets/provisioning-subnet"
              }
            ],
            "location": "westeurope",
            "mac_address": "",
            "name": "provisioning-nic-1",
            "private_ip_address": "10.123.0.4",
            "private_ip_addresses": [
              "10.123.0.4"
            ],
            "resource_group_name": "boujenna_selma-rg",
            "tags": {},
            "timeouts": null,
            "virtual_machine_id": ""
          },
          "private": "eyJlMmJmYjczMC1lY2FhLTExZTYtOGY4OC0zNDM2M2JjN2M0YzAiOnsiY3JlYXRlIjoxODAwMDAwMDAwMDAwLCJkZWxldGUiOjE4MDAwMDAwMDAwMDAsInJlYWQiOjMwMDAwMDAwMDAwMCwidXBkYXRlIjoxODAwMDAwMDAwMDAwfX0=",
          "dependencies": [
            "azurerm_public_ip.provisioning_public_ip",
            "azurerm_subnet.provisioning-subnet"
          ]
        },
        {
          "index_key": 2,
          "schema_version": 0,
          "attributes": {
            "applied_dns_servers": [],
            "dns_servers": [],
            "edge_zone": "",
            "enable_accelerated_networking": false,
            "enable_ip_forwarding": false,
            "id": "/subscriptions/41e50375-b926-4bc4-9045-348f359cf721/resourceGroups/boujenna_selma-rg/providers/Microsoft.Network/networkInterfaces/provisioning-nic-2",
            "internal_dns_name_label": "",
            "internal_domain_name_suffix": "txk2mlcyddfe3fxrvl0la4w10f.ax.internal.cloudapp.net",
            "ip_configuration": [
              {
                "gateway_load_balancer_frontend_ip_configuration_id": "",
                "name": "internal",
                "primary": true,
                "private_ip_address": "10.123.0.5",
                "private_ip_address_allocation": "Dynamic",
                "private_ip_address_version": "IPv4",
                "public_ip_address_id": "/subscriptions/41e50375-b926-4bc4-9045-348f359cf721/resourceGroups/boujenna_selma-rg/providers/Microsoft.Network/publicIPAddresses/provisioning-ipconfig-2",
                "subnet_id": "/subscriptions/41e50375-b926-4bc4-9045-348f359cf721/resourceGroups/boujenna_selma-rg/providers/Microsoft.Network/virtualNetworks/provisioning-vnet/subnets/provisioning-subnet"
              }
            ],
            "location": "westeurope",
            "mac_address": "",
            "name": "provisioning-nic-2",
            "private_ip_address": "10.123.0.5",
            "private_ip_addresses": [
              "10.123.0.5"
            ],
            "resource_group_name": "boujenna_selma-rg",
            "tags": {},
            "timeouts": null,
            "virtual_machine_id": ""
          },
          "private": "eyJlMmJmYjczMC1lY2FhLTExZTYtOGY4OC0zNDM2M2JjN2M0YzAiOnsiY3JlYXRlIjoxODAwMDAwMDAwMDAwLCJkZWxldGUiOjE4MDAwMDAwMDAwMDAsInJlYWQiOjMwMDAwMDAwMDAwMCwidXBkYXRlIjoxODAwMDAwMDAwMDAwfX0=",
          "dependencies": [
            "azurerm_public_ip.provisioning_public_ip",
            "azurerm_subnet.provisioning-subnet"
          ]
        }
      ]
    },
    {
      "mode": "managed",
      "type": "azurerm_network_security_group",
      "name": "provisioning-nsg",
      "provider": "provider[\"registry.terraform.io/hashicorp/azurerm\"]",
      "instances": [
        {
          "schema_version": 0,
          "attributes": {
            "id": "/subscriptions/41e50375-b926-4bc4-9045-348f359cf721/resourceGroups/boujenna_selma-rg/providers/Microsoft.Network/networkSecurityGroups/provisioning-nsg",
            "location": "westeurope",
            "name": "provisioning-nsg",
            "resource_group_name": "boujenna_selma-rg",
            "security_rule": [
              {
                "access": "Allow",
                "description": "",
                "destination_address_prefix": "*",
                "destination_address_prefixes": [],
                "destination_application_security_group_ids": [],
                "destination_port_range": "*",
                "destination_port_ranges": [],
                "direction": "Inbound",
                "name": "security_rule",
                "priority": 100,
                "protocol": "*",
                "source_address_prefix": "*",
                "source_address_prefixes": [],
                "source_application_security_group_ids": [],
                "source_port_range": "*",
                "source_port_ranges": []
              }
            ],
            "tags": {
              "Pillar": "M Cloud",
              "Role": "Futures",
              "Usage": "Training / Certification related activities"
            },
            "timeouts": null
          },
          "private": "eyJlMmJmYjczMC1lY2FhLTExZTYtOGY4OC0zNDM2M2JjN2M0YzAiOnsiY3JlYXRlIjoxODAwMDAwMDAwMDAwLCJkZWxldGUiOjE4MDAwMDAwMDAwMDAsInJlYWQiOjMwMDAwMDAwMDAwMCwidXBkYXRlIjoxODAwMDAwMDAwMDAwfX0="
        }
      ]
    },
    {
      "mode": "managed",
      "type": "azurerm_network_security_rule",
      "name": "security_rule",
      "provider": "provider[\"registry.terraform.io/hashicorp/azurerm\"]",
      "instances": [
        {
          "schema_version": 0,
          "attributes": {
            "access": "Allow",
            "description": "",
            "destination_address_prefix": "*",
            "destination_address_prefixes": [],
            "destination_application_security_group_ids": [],
            "destination_port_range": "*",
            "destination_port_ranges": [],
            "direction": "Inbound",
            "id": "/subscriptions/41e50375-b926-4bc4-9045-348f359cf721/resourceGroups/boujenna_selma-rg/providers/Microsoft.Network/networkSecurityGroups/provisioning-nsg/securityRules/security_rule",
            "name": "security_rule",
            "network_security_group_name": "provisioning-nsg",
            "priority": 100,
            "protocol": "*",
            "resource_group_name": "boujenna_selma-rg",
            "source_address_prefix": "*",
            "source_address_prefixes": [],
            "source_application_security_group_ids": [],
            "source_port_range": "*",
            "source_port_ranges": [],
            "timeouts": null
          },
          "private": "eyJlMmJmYjczMC1lY2FhLTExZTYtOGY4OC0zNDM2M2JjN2M0YzAiOnsiY3JlYXRlIjoxODAwMDAwMDAwMDAwLCJkZWxldGUiOjE4MDAwMDAwMDAwMDAsInJlYWQiOjMwMDAwMDAwMDAwMCwidXBkYXRlIjoxODAwMDAwMDAwMDAwfX0=",
          "dependencies": [
            "azurerm_network_security_group.provisioning-nsg"
          ]
        }
      ]
    },
    {
      "mode": "managed",
      "type": "azurerm_public_ip",
      "name": "provisioning_public_ip",
      "provider": "provider[\"registry.terraform.io/hashicorp/azurerm\"]",
      "instances": [
        {
          "index_key": 0,
          "schema_version": 0,
          "attributes": {
            "allocation_method": "Dynamic",
            "domain_name_label": null,
            "edge_zone": "",
            "fqdn": null,
            "id": "/subscriptions/41e50375-b926-4bc4-9045-348f359cf721/resourceGroups/boujenna_selma-rg/providers/Microsoft.Network/publicIPAddresses/provisioning-ipconfig-0",
            "idle_timeout_in_minutes": 4,
            "ip_address": "",
            "ip_tags": {},
            "ip_version": "IPv4",
            "location": "westeurope",
            "name": "provisioning-ipconfig-0",
            "public_ip_prefix_id": null,
            "resource_group_name": "boujenna_selma-rg",
            "reverse_fqdn": null,
            "sku": "Basic",
            "sku_tier": "Regional",
            "tags": {
              "Pillar": "M Cloud",
              "Role": "Futures",
              "Usage": "Training / Certification related activities"
            },
            "timeouts": null,
            "zones": []
          },
          "private": "eyJlMmJmYjczMC1lY2FhLTExZTYtOGY4OC0zNDM2M2JjN2M0YzAiOnsiY3JlYXRlIjoxODAwMDAwMDAwMDAwLCJkZWxldGUiOjE4MDAwMDAwMDAwMDAsInJlYWQiOjMwMDAwMDAwMDAwMCwidXBkYXRlIjoxODAwMDAwMDAwMDAwfX0="
        },
        {
          "index_key": 1,
          "schema_version": 0,
          "attributes": {
            "allocation_method": "Dynamic",
            "domain_name_label": null,
            "edge_zone": "",
            "fqdn": null,
            "id": "/subscriptions/41e50375-b926-4bc4-9045-348f359cf721/resourceGroups/boujenna_selma-rg/providers/Microsoft.Network/publicIPAddresses/provisioning-ipconfig-1",
            "idle_timeout_in_minutes": 4,
            "ip_address": "",
            "ip_tags": {},
            "ip_version": "IPv4",
            "location": "westeurope",
            "name": "provisioning-ipconfig-1",
            "public_ip_prefix_id": null,
            "resource_group_name": "boujenna_selma-rg",
            "reverse_fqdn": null,
            "sku": "Basic",
            "sku_tier": "Regional",
            "tags": {
              "Pillar": "M Cloud",
              "Role": "Futures",
              "Usage": "Training / Certification related activities"
            },
            "timeouts": null,
            "zones": []
          },
          "private": "eyJlMmJmYjczMC1lY2FhLTExZTYtOGY4OC0zNDM2M2JjN2M0YzAiOnsiY3JlYXRlIjoxODAwMDAwMDAwMDAwLCJkZWxldGUiOjE4MDAwMDAwMDAwMDAsInJlYWQiOjMwMDAwMDAwMDAwMCwidXBkYXRlIjoxODAwMDAwMDAwMDAwfX0="
        },
        {
          "index_key": 2,
          "schema_version": 0,
          "attributes": {
            "allocation_method": "Dynamic",
            "domain_name_label": null,
            "edge_zone": "",
            "fqdn": null,
            "id": "/subscriptions/41e50375-b926-4bc4-9045-348f359cf721/resourceGroups/boujenna_selma-rg/providers/Microsoft.Network/publicIPAddresses/provisioning-ipconfig-2",
            "idle_timeout_in_minutes": 4,
            "ip_address": "",
            "ip_tags": {},
            "ip_version": "IPv4",
            "location": "westeurope",
            "name": "provisioning-ipconfig-2",
            "public_ip_prefix_id": null,
            "resource_group_name": "boujenna_selma-rg",
            "reverse_fqdn": null,
            "sku": "Basic",
            "sku_tier": "Regional",
            "tags": {
              "Pillar": "M Cloud",
              "Role": "Futures",
              "Usage": "Training / Certification related activities"
            },
            "timeouts": null,
            "zones": []
          },
          "private": "eyJlMmJmYjczMC1lY2FhLTExZTYtOGY4OC0zNDM2M2JjN2M0YzAiOnsiY3JlYXRlIjoxODAwMDAwMDAwMDAwLCJkZWxldGUiOjE4MDAwMDAwMDAwMDAsInJlYWQiOjMwMDAwMDAwMDAwMCwidXBkYXRlIjoxODAwMDAwMDAwMDAwfX0="
        }
      ]
    },
    {
      "mode": "managed",
      "type": "azurerm_subnet",
      "name": "provisioning-subnet",
      "provider": "provider[\"registry.terraform.io/hashicorp/azurerm\"]",
      "instances": [
        {
          "schema_version": 0,
          "attributes": {
            "address_prefixes": [
              "10.123.0.0/24"
            ],
            "delegation": [],
            "enforce_private_link_endpoint_network_policies": false,
            "enforce_private_link_service_network_policies": false,
            "id": "/subscriptions/41e50375-b926-4bc4-9045-348f359cf721/resourceGroups/boujenna_selma-rg/providers/Microsoft.Network/virtualNetworks/provisioning-vnet/subnets/provisioning-subnet",
            "name": "provisioning-subnet",
            "resource_group_name": "boujenna_selma-rg",
            "service_endpoint_policy_ids": [],
            "service_endpoints": [],
            "timeouts": null,
            "virtual_network_name": "provisioning-vnet"
          },
          "private": "eyJlMmJmYjczMC1lY2FhLTExZTYtOGY4OC0zNDM2M2JjN2M0YzAiOnsiY3JlYXRlIjoxODAwMDAwMDAwMDAwLCJkZWxldGUiOjE4MDAwMDAwMDAwMDAsInJlYWQiOjMwMDAwMDAwMDAwMCwidXBkYXRlIjoxODAwMDAwMDAwMDAwfX0=",
          "dependencies": [
            "azurerm_virtual_network.provisioning-vnet"
          ]
        }
      ]
    },
    {
      "mode": "managed",
      "type": "azurerm_subnet_network_security_group_association",
      "name": "sub_associations",
      "provider": "provider[\"registry.terraform.io/hashicorp/azurerm\"]",
      "instances": [
        {
          "schema_version": 0,
          "attributes": {
            "id": "/subscriptions/41e50375-b926-4bc4-9045-348f359cf721/resourceGroups/boujenna_selma-rg/providers/Microsoft.Network/virtualNetworks/provisioning-vnet/subnets/provisioning-subnet",
            "network_security_group_id": "/subscriptions/41e50375-b926-4bc4-9045-348f359cf721/resourceGroups/boujenna_selma-rg/providers/Microsoft.Network/networkSecurityGroups/provisioning-nsg",
            "subnet_id": "/subscriptions/41e50375-b926-4bc4-9045-348f359cf721/resourceGroups/boujenna_selma-rg/providers/Microsoft.Network/virtualNetworks/provisioning-vnet/subnets/provisioning-subnet",
            "timeouts": null
          },
          "private": "eyJlMmJmYjczMC1lY2FhLTExZTYtOGY4OC0zNDM2M2JjN2M0YzAiOnsiY3JlYXRlIjoxODAwMDAwMDAwMDAwLCJkZWxldGUiOjE4MDAwMDAwMDAwMDAsInJlYWQiOjMwMDAwMDAwMDAwMCwidXBkYXRlIjoxODAwMDAwMDAwMDAwfX0=",
          "dependencies": [
            "azurerm_network_security_group.provisioning-nsg",
            "azurerm_subnet.provisioning-subnet",
            "azurerm_virtual_network.provisioning-vnet"
          ]
        }
      ]
    },
    {
      "mode": "managed",
      "type": "azurerm_virtual_network",
      "name": "provisioning-vnet",
      "provider": "provider[\"registry.terraform.io/hashicorp/azurerm\"]",
      "instances": [
        {
          "schema_version": 0,
          "attributes": {
            "address_space": [
              "10.123.0.0/16"
            ],
            "bgp_community": "",
            "ddos_protection_plan": [],
            "dns_servers": [],
            "edge_zone": "",
            "flow_timeout_in_minutes": 0,
            "guid": "2cc6d59d-1858-4eca-96f1-aaf4b07adbd5",
            "id": "/subscriptions/41e50375-b926-4bc4-9045-348f359cf721/resourceGroups/boujenna_selma-rg/providers/Microsoft.Network/virtualNetworks/provisioning-vnet",
            "location": "westeurope",
            "name": "provisioning-vnet",
            "resource_group_name": "boujenna_selma-rg",
            "subnet": [
              {
                "address_prefix": "10.123.0.0/24",
                "id": "/subscriptions/41e50375-b926-4bc4-9045-348f359cf721/resourceGroups/boujenna_selma-rg/providers/Microsoft.Network/virtualNetworks/provisioning-vnet/subnets/provisioning-subnet",
                "name": "provisioning-subnet",
                "security_group": "/subscriptions/41e50375-b926-4bc4-9045-348f359cf721/resourceGroups/boujenna_selma-rg/providers/Microsoft.Network/networkSecurityGroups/provisioning-nsg"
              }
            ],
            "tags": {
              "Pillar": "M Cloud",
              "Role": "Futures",
              "Usage": "Training / Certification related activities"
            },
            "timeouts": null
          },
          "private": "eyJlMmJmYjczMC1lY2FhLTExZTYtOGY4OC0zNDM2M2JjN2M0YzAiOnsiY3JlYXRlIjoxODAwMDAwMDAwMDAwLCJkZWxldGUiOjE4MDAwMDAwMDAwMDAsInJlYWQiOjMwMDAwMDAwMDAwMCwidXBkYXRlIjoxODAwMDAwMDAwMDAwfX0="
        }
      ]
    }
  ]
}
